{
  "name": "codecanyon-6mestt3r-real3d-flipbook-jquery-plugin",
  "version": "1.0.0",
  "lockfileVersion": 3,
  "requires": true,
  "packages": {
    "": {
      "name": "codecanyon-6mestt3r-real3d-flipbook-jquery-plugin",
      "version": "1.0.0",
      "license": "ISC",
      "devDependencies": {
        "@astrosteveo/speckit": "^2.4.0"
      }
    },
    "node_modules/@astrosteveo/speckit": {
      "version": "2.4.0",
      "resolved": "https://registry.npmjs.org/@astrosteveo/speckit/-/speckit-2.4.0.tgz",
      "integrity": "sha512-NVhegO9YisXaQch3QDpl1kiPl6sU/Ho/UjJbFiO6fUgnaxFOwvy2wPWoWWxaTI6xornKuzrA5imr0WWiV62cwg==",
      "dev": true,
      "bin": {
        "speckit": "bin/speckit.js"
      },
      "engines": {
        "node": ">=18.0.0"
      }
    }
  }
}
